// !$*UTF8*$!
{
	archiveVersion = 1;
	classes = {
	};
	objectVersion = 70;
	objects = {

/* Begin PBXBuildFile section */
		9D3D15A82DE85E0700624B31 /* function.swift in Sources */ = {isa = PBXBuildFile; fileRef = 9D3D15A72DE85DFF00624B31 /* function.swift */; };
		9DAC549D2DEC65E800E64226 /* LocationManager.swift in Sources */ = {isa = PBXBuildFile; fileRef = 9DAC549C2DEC65DC00E64226 /* LocationManager.swift */; };
		9DAC54A02DEC719C00E64226 /* UIKitMapView.swift in Sources */ = {isa = PBXBuildFile; fileRef = 9DAC549F2DEC719C00E64226 /* UIKitMapView.swift */; };
		9DAC54A42DEC7ACD00E64226 /* MapViewRepresentable.swift in Sources */ = {isa = PBXBuildFile; fileRef = 9DAC54A32DEC7ACD00E64226 /* MapViewRepresentable.swift */; };
		9DAC54A72DEC7D2E00E64226 /* SearchCompleterViewModel.swift in Sources */ = {isa = PBXBuildFile; fileRef = 9DAC54A62DEC7D2E00E64226 /* SearchCompleterViewModel.swift */; };
		9DAC55062DED82E500E64226 /* gptmanager.swift in Sources */ = {isa = PBXBuildFile; fileRef = 9DAC55032DED82E500E64226 /* gptmanager.swift */; };
		9DAC55072DED82E500E64226 /* ImagePicker.swift in Sources */ = {isa = PBXBuildFile; fileRef = 9DAC55042DED82E500E64226 /* ImagePicker.swift */; };
		9DAC55082DED82E500E64226 /* Content1View.swift in Sources */ = {isa = PBXBuildFile; fileRef = 9DAC55022DED82E500E64226 /* Content1View.swift */; };
		9DAC55092DED82E500E64226 /* AccidentViewModel.swift in Sources */ = {isa = PBXBuildFile; fileRef = 9DAC55012DED82E500E64226 /* AccidentViewModel.swift */; };
		9DAC550A2DED82E500E64226 /* AccidentInfoView.swift in Sources */ = {isa = PBXBuildFile; fileRef = 9DAC55002DED82E500E64226 /* AccidentInfoView.swift */; };
		9DAC550B2DED82E500E64226 /* AccidentInfo.swift in Sources */ = {isa = PBXBuildFile; fileRef = 9DAC54FF2DED82E500E64226 /* AccidentInfo.swift */; };
		9DEB7EC22DF0066700233EFF /* GPTManager2.swift in Sources */ = {isa = PBXBuildFile; fileRef = 9DEB7EC12DF0066600233EFF /* GPTManager2.swift */; };
		9DEB7EC42DF006BC00233EFF /* DrivingAdviceView.swift in Sources */ = {isa = PBXBuildFile; fileRef = 9DEB7EC32DF006BC00233EFF /* DrivingAdviceView.swift */; };
		9DEB7EC82DF0087800233EFF /* gptadvice_fuc.swift in Sources */ = {isa = PBXBuildFile; fileRef = 9DEB7EC72DF0087700233EFF /* gptadvice_fuc.swift */; };
		9DEB7ECA2DF00B3000233EFF /* DrivingAdviceSimpleView.swift in Sources */ = {isa = PBXBuildFile; fileRef = 9DEB7EC92DF00B3000233EFF /* DrivingAdviceSimpleView.swift */; };
		DE05AE402DED4622003032D3 /* WeatherView.swift in Sources */ = {isa = PBXBuildFile; fileRef = DE05AE3F2DED4622003032D3 /* WeatherView.swift */; };
		DE10C3C52DDD9E170074BAE3 /* AccidentMapApp.swift in Sources */ = {isa = PBXBuildFile; fileRef = DE10C3C42DDD9E170074BAE3 /* AccidentMapApp.swift */; };
		DE10C3C72DDD9E170074BAE3 /* ContentView.swift in Sources */ = {isa = PBXBuildFile; fileRef = DE10C3C62DDD9E170074BAE3 /* ContentView.swift */; };
		DE10C3C92DDD9E180074BAE3 /* Assets.xcassets in Resources */ = {isa = PBXBuildFile; fileRef = DE10C3C82DDD9E180074BAE3 /* Assets.xcassets */; };
		DE10C3CC2DDD9E180074BAE3 /* Preview Assets.xcassets in Resources */ = {isa = PBXBuildFile; fileRef = DE10C3CB2DDD9E180074BAE3 /* Preview Assets.xcassets */; };
		DE5A1D2A2DE59B8F002281F8 /* MainView.swift in Sources */ = {isa = PBXBuildFile; fileRef = DE5A1D292DE59B8F002281F8 /* MainView.swift */; };
		DE5A1D2C2DE59B9C002281F8 /* ReportView.swift in Sources */ = {isa = PBXBuildFile; fileRef = DE5A1D2B2DE59B9C002281F8 /* ReportView.swift */; };
		DE5A1D2E2DE59BFC002281F8 /* StatsView.swift in Sources */ = {isa = PBXBuildFile; fileRef = DE5A1D2D2DE59BFC002281F8 /* StatsView.swift */; };
		DE9C80C52DEC877900809E77 /* temp.jpg in Resources */ = {isa = PBXBuildFile; fileRef = DE9C80C42DEC877900809E77 /* temp.jpg */; };
		DEFB831A2DEB5DAC00E9AD61 /* Extension.swift in Sources */ = {isa = PBXBuildFile; fileRef = DEFB83192DEB5DAC00E9AD61 /* Extension.swift */; };
		DEFB831C2DEB5F0000E9AD61 /* MapView.swift in Sources */ = {isa = PBXBuildFile; fileRef = DEFB831B2DEB5F0000E9AD61 /* MapView.swift */; };
		DEFB83202DEB64A400E9AD61 /* AccidentModel.swift in Sources */ = {isa = PBXBuildFile; fileRef = DEFB831F2DEB64A400E9AD61 /* AccidentModel.swift */; };
/* End PBXBuildFile section */

/* Begin PBXFileReference section */
		9D3D15A72DE85DFF00624B31 /* function.swift */ = {isa = PBXFileReference; lastKnownFileType = sourcecode.swift; path = function.swift; sourceTree = "<group>"; };
		9DAC549C2DEC65DC00E64226 /* LocationManager.swift */ = {isa = PBXFileReference; lastKnownFileType = sourcecode.swift; path = LocationManager.swift; sourceTree = "<group>"; };
		9DAC549E2DEC669A00E64226 /* Info.plist */ = {isa = PBXFileReference; explicitFileType = sourcecode.c.h; path = Info.plist; sourceTree = "<group>"; };
		9DAC549F2DEC719C00E64226 /* UIKitMapView.swift */ = {isa = PBXFileReference; lastKnownFileType = sourcecode.swift; path = UIKitMapView.swift; sourceTree = "<group>"; };
		9DAC54A32DEC7ACD00E64226 /* MapViewRepresentable.swift */ = {isa = PBXFileReference; lastKnownFileType = sourcecode.swift; path = MapViewRepresentable.swift; sourceTree = "<group>"; };
		9DAC54A62DEC7D2E00E64226 /* SearchCompleterViewModel.swift */ = {isa = PBXFileReference; lastKnownFileType = sourcecode.swift; path = SearchCompleterViewModel.swift; sourceTree = "<group>"; };
		9DAC54FF2DED82E500E64226 /* AccidentInfo.swift */ = {isa = PBXFileReference; lastKnownFileType = sourcecode.swift; path = AccidentInfo.swift; sourceTree = "<group>"; };
		9DAC55002DED82E500E64226 /* AccidentInfoView.swift */ = {isa = PBXFileReference; lastKnownFileType = sourcecode.swift; path = AccidentInfoView.swift; sourceTree = "<group>"; };
		9DAC55012DED82E500E64226 /* AccidentViewModel.swift */ = {isa = PBXFileReference; lastKnownFileType = sourcecode.swift; path = AccidentViewModel.swift; sourceTree = "<group>"; };
		9DAC55022DED82E500E64226 /* Content1View.swift */ = {isa = PBXFileReference; lastKnownFileType = sourcecode.swift; path = Content1View.swift; sourceTree = "<group>"; };
		9DAC55032DED82E500E64226 /* gptmanager.swift */ = {isa = PBXFileReference; lastKnownFileType = sourcecode.swift; path = gptmanager.swift; sourceTree = "<group>"; };
		9DAC55042DED82E500E64226 /* ImagePicker.swift */ = {isa = PBXFileReference; lastKnownFileType = sourcecode.swift; path = ImagePicker.swift; sourceTree = "<group>"; };
		9DEB7EC12DF0066600233EFF /* GPTManager2.swift */ = {isa = PBXFileReference; lastKnownFileType = sourcecode.swift; path = GPTManager2.swift; sourceTree = "<group>"; };
		9DEB7EC32DF006BC00233EFF /* DrivingAdviceView.swift */ = {isa = PBXFileReference; lastKnownFileType = sourcecode.swift; path = DrivingAdviceView.swift; sourceTree = "<group>"; };
		9DEB7EC72DF0087700233EFF /* gptadvice_fuc.swift */ = {isa = PBXFileReference; lastKnownFileType = sourcecode.swift; path = gptadvice_fuc.swift; sourceTree = "<group>"; };
		9DEB7EC92DF00B3000233EFF /* DrivingAdviceSimpleView.swift */ = {isa = PBXFileReference; lastKnownFileType = sourcecode.swift; path = DrivingAdviceSimpleView.swift; sourceTree = "<group>"; };
		DE05AE3F2DED4622003032D3 /* WeatherView.swift */ = {isa = PBXFileReference; lastKnownFileType = sourcecode.swift; path = WeatherView.swift; sourceTree = "<group>"; };
		DE10C3C12DDD9E170074BAE3 /* AccidentMap.app */ = {isa = PBXFileReference; explicitFileType = wrapper.application; includeInIndex = 0; path = AccidentMap.app; sourceTree = BUILT_PRODUCTS_DIR; };
		DE10C3C42DDD9E170074BAE3 /* AccidentMapApp.swift */ = {isa = PBXFileReference; lastKnownFileType = sourcecode.swift; path = AccidentMapApp.swift; sourceTree = "<group>"; };
		DE10C3C62DDD9E170074BAE3 /* ContentView.swift */ = {isa = PBXFileReference; lastKnownFileType = sourcecode.swift; path = ContentView.swift; sourceTree = "<group>"; };
		DE10C3C82DDD9E180074BAE3 /* Assets.xcassets */ = {isa = PBXFileReference; lastKnownFileType = folder.assetcatalog; path = Assets.xcassets; sourceTree = "<group>"; };
		DE10C3CB2DDD9E180074BAE3 /* Preview Assets.xcassets */ = {isa = PBXFileReference; lastKnownFileType = folder.assetcatalog; path = "Preview Assets.xcassets"; sourceTree = "<group>"; };
		DE5A1D292DE59B8F002281F8 /* MainView.swift */ = {isa = PBXFileReference; lastKnownFileType = sourcecode.swift; path = MainView.swift; sourceTree = "<group>"; };
		DE5A1D2B2DE59B9C002281F8 /* ReportView.swift */ = {isa = PBXFileReference; lastKnownFileType = sourcecode.swift; path = ReportView.swift; sourceTree = "<group>"; };
		DE5A1D2D2DE59BFC002281F8 /* StatsView.swift */ = {isa = PBXFileReference; lastKnownFileType = sourcecode.swift; path = StatsView.swift; sourceTree = "<group>"; };
		DE9C80C42DEC877900809E77 /* temp.jpg */ = {isa = PBXFileReference; lastKnownFileType = image.jpeg; name = temp.jpg; path = AccidentMap/temp.jpg; sourceTree = SOURCE_ROOT; };
		DEB4961A2DED69FA00CC124F /* AccidentMap.entitlements */ = {isa = PBXFileReference; lastKnownFileType = text.plist.entitlements; path = AccidentMap.entitlements; sourceTree = "<group>"; };
		DEFB83192DEB5DAC00E9AD61 /* Extension.swift */ = {isa = PBXFileReference; lastKnownFileType = sourcecode.swift; path = Extension.swift; sourceTree = "<group>"; };
		DEFB831B2DEB5F0000E9AD61 /* MapView.swift */ = {isa = PBXFileReference; lastKnownFileType = sourcecode.swift; path = MapView.swift; sourceTree = "<group>"; };
		DEFB831F2DEB64A400E9AD61 /* AccidentModel.swift */ = {isa = PBXFileReference; lastKnownFileType = sourcecode.swift; path = AccidentModel.swift; sourceTree = "<group>"; };
/* End PBXFileReference section */

/* Begin PBXFileSystemSynchronizedRootGroup section */
		9DAC54A52DEC7B8500E64226 /* Views */ = {isa = PBXFileSystemSynchronizedRootGroup; explicitFileTypes = {}; explicitFolders = (); path = Views; sourceTree = "<group>"; };
/* End PBXFileSystemSynchronizedRootGroup section */

/* Begin PBXFrameworksBuildPhase section */
		DE10C3BE2DDD9E170074BAE3 /* Frameworks */ = {
			isa = PBXFrameworksBuildPhase;
			buildActionMask = 2147483647;
			files = (
			);
			runOnlyForDeploymentPostprocessing = 0;
		};
/* End PBXFrameworksBuildPhase section */

/* Begin PBXGroup section */
		9DAC55052DED82E500E64226 /* GPT */ = {
			isa = PBXGroup;
			children = (
				9DEB7EC92DF00B3000233EFF /* DrivingAdviceSimpleView.swift */,
				9DEB7EC72DF0087700233EFF /* gptadvice_fuc.swift */,
				9DEB7EC32DF006BC00233EFF /* DrivingAdviceView.swift */,
				9DEB7EC12DF0066600233EFF /* GPTManager2.swift */,
				9DAC54FF2DED82E500E64226 /* AccidentInfo.swift */,
				9DAC55002DED82E500E64226 /* AccidentInfoView.swift */,
				9DAC55012DED82E500E64226 /* AccidentViewModel.swift */,
				9DAC55022DED82E500E64226 /* Content1View.swift */,
				9DAC55032DED82E500E64226 /* gptmanager.swift */,
				9DAC55042DED82E500E64226 /* ImagePicker.swift */,
			);
			path = GPT;
			sourceTree = "<group>";
		};
		DE10C3B82DDD9E170074BAE3 = {
			isa = PBXGroup;
			children = (
				DE10C3C32DDD9E170074BAE3 /* AccidentMap */,
				DE10C3C22DDD9E170074BAE3 /* Products */,
			);
			sourceTree = "<group>";
		};
		DE10C3C22DDD9E170074BAE3 /* Products */ = {
			isa = PBXGroup;
			children = (
				DE10C3C12DDD9E170074BAE3 /* AccidentMap.app */,
			);
			name = Products;
			sourceTree = "<group>";
		};
		DE10C3C32DDD9E170074BAE3 /* AccidentMap */ = {
			isa = PBXGroup;
			children = (
				DEB4961A2DED69FA00CC124F /* AccidentMap.entitlements */,
				DE10C3C42DDD9E170074BAE3 /* AccidentMapApp.swift */,
				9DAC54A62DEC7D2E00E64226 /* SearchCompleterViewModel.swift */,
				9DAC55052DED82E500E64226 /* GPT */,
				9DAC54A52DEC7B8500E64226 /* Views */,
				9DAC54A32DEC7ACD00E64226 /* MapViewRepresentable.swift */,
				9DAC549F2DEC719C00E64226 /* UIKitMapView.swift */,
				9DAC549E2DEC669A00E64226 /* Info.plist */,
				9DAC549C2DEC65DC00E64226 /* LocationManager.swift */,
				DEFB831F2DEB64A400E9AD61 /* AccidentModel.swift */,
				DE10C3C62DDD9E170074BAE3 /* ContentView.swift */,
				9D3D15A72DE85DFF00624B31 /* function.swift */,
				DE5A1D292DE59B8F002281F8 /* MainView.swift */,
				DEFB831B2DEB5F0000E9AD61 /* MapView.swift */,
				DE5A1D2B2DE59B9C002281F8 /* ReportView.swift */,
				DE5A1D2D2DE59BFC002281F8 /* StatsView.swift */,
				DE05AE3F2DED4622003032D3 /* WeatherView.swift */,
				DE10C3C82DDD9E180074BAE3 /* Assets.xcassets */,
				DE9C80C42DEC877900809E77 /* temp.jpg */,
				DE10C3CA2DDD9E180074BAE3 /* Preview Content */,
				DEFB83192DEB5DAC00E9AD61 /* Extension.swift */,
			);
			path = AccidentMap;
			sourceTree = "<group>";
		};
		DE10C3CA2DDD9E180074BAE3 /* Preview Content */ = {
			isa = PBXGroup;
			children = (
				DE10C3CB2DDD9E180074BAE3 /* Preview Assets.xcassets */,
			);
			path = "Preview Content";
			sourceTree = "<group>";
		};
/* End PBXGroup section */

/* Begin PBXNativeTarget section */
		DE10C3C02DDD9E170074BAE3 /* AccidentMap */ = {
			isa = PBXNativeTarget;
			buildConfigurationList = DE10C3CF2DDD9E180074BAE3 /* Build configuration list for PBXNativeTarget "AccidentMap" */;
			buildPhases = (
				DE10C3BD2DDD9E170074BAE3 /* Sources */,
				DE10C3BE2DDD9E170074BAE3 /* Frameworks */,
				DE10C3BF2DDD9E170074BAE3 /* Resources */,
			);
			buildRules = (
			);
			dependencies = (
			);
			fileSystemSynchronizedGroups = (
				9DAC54A52DEC7B8500E64226 /* Views */,
			);
			name = AccidentMap;
			productName = AccidentMap;
			productReference = DE10C3C12DDD9E170074BAE3 /* AccidentMap.app */;
			productType = "com.apple.product-type.application";
		};
/* End PBXNativeTarget section */

/* Begin PBXProject section */
		DE10C3B92DDD9E170074BAE3 /* Project object */ = {
			isa = PBXProject;
			attributes = {
				BuildIndependentTargetsInParallel = 1;
				LastSwiftUpdateCheck = 1530;
				LastUpgradeCheck = 1530;
				TargetAttributes = {
					DE10C3C02DDD9E170074BAE3 = {
						CreatedOnToolsVersion = 15.3;
					};
				};
			};
			buildConfigurationList = DE10C3BC2DDD9E170074BAE3 /* Build configuration list for PBXProject "AccidentMap" */;
			compatibilityVersion = "Xcode 14.0";
			developmentRegion = en;
			hasScannedForEncodings = 0;
			knownRegions = (
				en,
				Base,
			);
			mainGroup = DE10C3B82DDD9E170074BAE3;
			productRefGroup = DE10C3C22DDD9E170074BAE3 /* Products */;
			projectDirPath = "";
			projectRoot = "";
			targets = (
				DE10C3C02DDD9E170074BAE3 /* AccidentMap */,
			);
		};
/* End PBXProject section */

/* Begin PBXResourcesBuildPhase section */
		DE10C3BF2DDD9E170074BAE3 /* Resources */ = {
			isa = PBXResourcesBuildPhase;
			buildActionMask = 2147483647;
			files = (
				DE10C3CC2DDD9E180074BAE3 /* Preview Assets.xcassets in Resources */,
				DE9C80C52DEC877900809E77 /* temp.jpg in Resources */,
				DE10C3C92DDD9E180074BAE3 /* Assets.xcassets in Resources */,
			);
			runOnlyForDeploymentPostprocessing = 0;
		};
/* End PBXResourcesBuildPhase section */

/* Begin PBXSourcesBuildPhase section */
		DE10C3BD2DDD9E170074BAE3 /* Sources */ = {
			isa = PBXSourcesBuildPhase;
			buildActionMask = 2147483647;
			files = (
				9DAC55062DED82E500E64226 /* gptmanager.swift in Sources */,
				9DAC55072DED82E500E64226 /* ImagePicker.swift in Sources */,
				9DAC55082DED82E500E64226 /* Content1View.swift in Sources */,
				9DEB7ECA2DF00B3000233EFF /* DrivingAdviceSimpleView.swift in Sources */,
				9DAC55092DED82E500E64226 /* AccidentViewModel.swift in Sources */,
				9DAC550A2DED82E500E64226 /* AccidentInfoView.swift in Sources */,
				9DAC550B2DED82E500E64226 /* AccidentInfo.swift in Sources */,
				DEFB831C2DEB5F0000E9AD61 /* MapView.swift in Sources */,
				9DAC54A02DEC719C00E64226 /* UIKitMapView.swift in Sources */,
				DE10C3C72DDD9E170074BAE3 /* ContentView.swift in Sources */,
				9DEB7EC22DF0066700233EFF /* GPTManager2.swift in Sources */,
				DEFB83202DEB64A400E9AD61 /* AccidentModel.swift in Sources */,
				9DAC54A42DEC7ACD00E64226 /* MapViewRepresentable.swift in Sources */,
				DE5A1D2E2DE59BFC002281F8 /* StatsView.swift in Sources */,
				DE5A1D2A2DE59B8F002281F8 /* MainView.swift in Sources */,
				DE05AE402DED4622003032D3 /* WeatherView.swift in Sources */,
				DEFB831A2DEB5DAC00E9AD61 /* Extension.swift in Sources */,
				DE5A1D2C2DE59B9C002281F8 /* ReportView.swift in Sources */,
				9DEB7EC82DF0087800233EFF /* gptadvice_fuc.swift in Sources */,
				DE10C3C52DDD9E170074BAE3 /* AccidentMapApp.swift in Sources */,
				9DAC549D2DEC65E800E64226 /* LocationManager.swift in Sources */,
				9DEB7EC42DF006BC00233EFF /* DrivingAdviceView.swift in Sources */,
				9DAC54A72DEC7D2E00E64226 /* SearchCompleterViewModel.swift in Sources */,
				9D3D15A82DE85E0700624B31 /* function.swift in Sources */,
			);
			runOnlyForDeploymentPostprocessing = 0;
		};
/* End PBXSourcesBuildPhase section */

/* Begin XCBuildConfiguration section */
		DE10C3CD2DDD9E180074BAE3 /* Debug */ = {
			isa = XCBuildConfiguration;
			buildSettings = {
				ALWAYS_SEARCH_USER_PATHS = NO;
				ASSETCATALOG_COMPILER_GENERATE_SWIFT_ASSET_SYMBOL_EXTENSIONS = YES;
				CLANG_ANALYZER_NONNULL = YES;
				CLANG_ANALYZER_NUMBER_OBJECT_CONVERSION = YES_AGGRESSIVE;
				CLANG_CXX_LANGUAGE_STANDARD = "gnu++20";
				CLANG_ENABLE_MODULES = YES;
				CLANG_ENABLE_OBJC_ARC = YES;
				CLANG_ENABLE_OBJC_WEAK = YES;
				CLANG_WARN_BLOCK_CAPTURE_AUTORELEASING = YES;
				CLANG_WARN_BOOL_CONVERSION = YES;
				CLANG_WARN_COMMA = YES;
				CLANG_WARN_CONSTANT_CONVERSION = YES;
				CLANG_WARN_DEPRECATED_OBJC_IMPLEMENTATIONS = YES;
				CLANG_WARN_DIRECT_OBJC_ISA_USAGE = YES_ERROR;
				CLANG_WARN_DOCUMENTATION_COMMENTS = YES;
				CLANG_WARN_EMPTY_BODY = YES;
				CLANG_WARN_ENUM_CONVERSION = YES;
				CLANG_WARN_INFINITE_RECURSION = YES;
				CLANG_WARN_INT_CONVERSION = YES;
				CLANG_WARN_NON_LITERAL_NULL_CONVERSION = YES;
				CLANG_WARN_OBJC_IMPLICIT_RETAIN_SELF = YES;
				CLANG_WARN_OBJC_LITERAL_CONVERSION = YES;
				CLANG_WARN_OBJC_ROOT_CLASS = YES_ERROR;
				CLANG_WARN_QUOTED_INCLUDE_IN_FRAMEWORK_HEADER = YES;
				CLANG_WARN_RANGE_LOOP_ANALYSIS = YES;
				CLANG_WARN_STRICT_PROTOTYPES = YES;
				CLANG_WARN_SUSPICIOUS_MOVE = YES;
				CLANG_WARN_UNGUARDED_AVAILABILITY = YES_AGGRESSIVE;
				CLANG_WARN_UNREACHABLE_CODE = YES;
				CLANG_WARN__DUPLICATE_METHOD_MATCH = YES;
				COPY_PHASE_STRIP = NO;
				DEBUG_INFORMATION_FORMAT = dwarf;
				ENABLE_STRICT_OBJC_MSGSEND = YES;
				ENABLE_TESTABILITY = YES;
				ENABLE_USER_SCRIPT_SANDBOXING = YES;
				GCC_C_LANGUAGE_STANDARD = gnu17;
				GCC_DYNAMIC_NO_PIC = NO;
				GCC_NO_COMMON_BLOCKS = YES;
				GCC_OPTIMIZATION_LEVEL = 0;
				GCC_PREPROCESSOR_DEFINITIONS = (
					"DEBUG=1",
					"$(inherited)",
				);
				GCC_WARN_64_TO_32_BIT_CONVERSION = YES;
				GCC_WARN_ABOUT_RETURN_TYPE = YES_ERROR;
				GCC_WARN_UNDECLARED_SELECTOR = YES;
				GCC_WARN_UNINITIALIZED_AUTOS = YES_AGGRESSIVE;
				GCC_WARN_UNUSED_FUNCTION = YES;
				GCC_WARN_UNUSED_VARIABLE = YES;
				IPHONEOS_DEPLOYMENT_TARGET = 17.4;
				LOCALIZATION_PREFERS_STRING_CATALOGS = YES;
				MTL_ENABLE_DEBUG_INFO = INCLUDE_SOURCE;
				MTL_FAST_MATH = YES;
				ONLY_ACTIVE_ARCH = YES;
				SDKROOT = iphoneos;
				SWIFT_ACTIVE_COMPILATION_CONDITIONS = "DEBUG $(inherited)";
				SWIFT_OPTIMIZATION_LEVEL = "-Onone";
			};
			name = Debug;
		};
		DE10C3CE2DDD9E180074BAE3 /* Release */ = {
			isa = XCBuildConfiguration;
			buildSettings = {
				ALWAYS_SEARCH_USER_PATHS = NO;
				ASSETCATALOG_COMPILER_GENERATE_SWIFT_ASSET_SYMBOL_EXTENSIONS = YES;
				CLANG_ANALYZER_NONNULL = YES;
				CLANG_ANALYZER_NUMBER_OBJECT_CONVERSION = YES_AGGRESSIVE;
				CLANG_CXX_LANGUAGE_STANDARD = "gnu++20";
				CLANG_ENABLE_MODULES = YES;
				CLANG_ENABLE_OBJC_ARC = YES;
				CLANG_ENABLE_OBJC_WEAK = YES;
				CLANG_WARN_BLOCK_CAPTURE_AUTORELEASING = YES;
				CLANG_WARN_BOOL_CONVERSION = YES;
				CLANG_WARN_COMMA = YES;
				CLANG_WARN_CONSTANT_CONVERSION = YES;
				CLANG_WARN_DEPRECATED_OBJC_IMPLEMENTATIONS = YES;
				CLANG_WARN_DIRECT_OBJC_ISA_USAGE = YES_ERROR;
				CLANG_WARN_DOCUMENTATION_COMMENTS = YES;
				CLANG_WARN_EMPTY_BODY = YES;
				CLANG_WARN_ENUM_CONVERSION = YES;
				CLANG_WARN_INFINITE_RECURSION = YES;
				CLANG_WARN_INT_CONVERSION = YES;
				CLANG_WARN_NON_LITERAL_NULL_CONVERSION = YES;
				CLANG_WARN_OBJC_IMPLICIT_RETAIN_SELF = YES;
				CLANG_WARN_OBJC_LITERAL_CONVERSION = YES;
				CLANG_WARN_OBJC_ROOT_CLASS = YES_ERROR;
				CLANG_WARN_QUOTED_INCLUDE_IN_FRAMEWORK_HEADER = YES;
				CLANG_WARN_RANGE_LOOP_ANALYSIS = YES;
				CLANG_WARN_STRICT_PROTOTYPES = YES;
				CLANG_WARN_SUSPICIOUS_MOVE = YES;
				CLANG_WARN_UNGUARDED_AVAILABILITY = YES_AGGRESSIVE;
				CLANG_WARN_UNREACHABLE_CODE = YES;
				CLANG_WARN__DUPLICATE_METHOD_MATCH = YES;
				COPY_PHASE_STRIP = NO;
				DEBUG_INFORMATION_FORMAT = "dwarf-with-dsym";
				ENABLE_NS_ASSERTIONS = NO;
				ENABLE_STRICT_OBJC_MSGSEND = YES;
				ENABLE_USER_SCRIPT_SANDBOXING = YES;
				GCC_C_LANGUAGE_STANDARD = gnu17;
				GCC_NO_COMMON_BLOCKS = YES;
				GCC_WARN_64_TO_32_BIT_CONVERSION = YES;
				GCC_WARN_ABOUT_RETURN_TYPE = YES_ERROR;
				GCC_WARN_UNDECLARED_SELECTOR = YES;
				GCC_WARN_UNINITIALIZED_AUTOS = YES_AGGRESSIVE;
				GCC_WARN_UNUSED_FUNCTION = YES;
				GCC_WARN_UNUSED_VARIABLE = YES;
				IPHONEOS_DEPLOYMENT_TARGET = 17.4;
				LOCALIZATION_PREFERS_STRING_CATALOGS = YES;
				MTL_ENABLE_DEBUG_INFO = NO;
				MTL_FAST_MATH = YES;
				SDKROOT = iphoneos;
				SWIFT_COMPILATION_MODE = wholemodule;
				VALIDATE_PRODUCT = YES;
			};
			name = Release;
		};
		DE10C3D02DDD9E180074BAE3 /* Debug */ = {
			isa = XCBuildConfiguration;
			buildSettings = {
				ASSETCATALOG_COMPILER_APPICON_NAME = AppIcon;
				ASSETCATALOG_COMPILER_GLOBAL_ACCENT_COLOR_NAME = AccentColor;
				CODE_SIGN_ENTITLEMENTS = AccidentMap/AccidentMap.entitlements;
				CODE_SIGN_STYLE = Automatic;
				CURRENT_PROJECT_VERSION = 1;
				DEVELOPMENT_ASSET_PATHS = "\"AccidentMap/Preview Content\"";
				DEVELOPMENT_TEAM = 6Q3GG57US3;
				ENABLE_PREVIEWS = YES;
				GENERATE_INFOPLIST_FILE = YES;
				INFOPLIST_FILE = AccidentMap/Info.plist;
				INFOPLIST_KEY_CFBundleDisplayName = "살라미";
				INFOPLIST_KEY_LSApplicationCategoryType = "";
				INFOPLIST_KEY_NSCameraUsageDescription = "이 앱은 사진을 찍기 위해 카메라를 사용합니다.";
				INFOPLIST_KEY_NSLocationWhenInUseUsageDescription = "이 앱은 사용자 위치를 사용해 사고 정보를 제공합니다.";
				INFOPLIST_KEY_NSPhotoLibraryUsageDescription = "이 앱은 사진을 업로드하기 위해 사진 라이브러리에 접근합니다.";
				INFOPLIST_KEY_UIApplicationSceneManifest_Generation = YES;
				INFOPLIST_KEY_UIApplicationSupportsIndirectInputEvents = YES;
				INFOPLIST_KEY_UILaunchScreen_Generation = YES;
				INFOPLIST_KEY_UISupportedInterfaceOrientations_iPad = "UIInterfaceOrientationPortrait UIInterfaceOrientationPortraitUpsideDown UIInterfaceOrientationLandscapeLeft UIInterfaceOrientationLandscapeRight";
				INFOPLIST_KEY_UISupportedInterfaceOrientations_iPhone = "UIInterfaceOrientationPortrait UIInterfaceOrientationLandscapeLeft UIInterfaceOrientationLandscapeRight";
				LD_RUNPATH_SEARCH_PATHS = (
					"$(inherited)",
					"@executable_path/Frameworks",
				);
				MARKETING_VERSION = 1.0;
				PRODUCT_BUNDLE_IDENTIFIER = jinGyung.accidentMap;
				PRODUCT_NAME = "$(TARGET_NAME)";
				SWIFT_EMIT_LOC_STRINGS = YES;
				SWIFT_VERSION = 5.0;
				TARGETED_DEVICE_FAMILY = "1,2";
			};
			name = Debug;
		};
		DE10C3D12DDD9E180074BAE3 /* Release */ = {
			isa = XCBuildConfiguration;
			buildSettings = {
				ASSETCATALOG_COMPILER_APPICON_NAME = AppIcon;
				ASSETCATALOG_COMPILER_GLOBAL_ACCENT_COLOR_NAME = AccentColor;
				CODE_SIGN_ENTITLEMENTS = AccidentMap/AccidentMap.entitlements;
				CODE_SIGN_STYLE = Automatic;
				CURRENT_PROJECT_VERSION = 1;
				DEVELOPMENT_ASSET_PATHS = "\"AccidentMap/Preview Content\"";
				DEVELOPMENT_TEAM = 6Q3GG57US3;
				ENABLE_PREVIEWS = YES;
				GENERATE_INFOPLIST_FILE = YES;
				INFOPLIST_FILE = AccidentMap/Info.plist;
				INFOPLIST_KEY_CFBundleDisplayName = "살라미";
				INFOPLIST_KEY_LSApplicationCategoryType = "";
				INFOPLIST_KEY_NSCameraUsageDescription = "이 앱은 사진을 찍기 위해 카메라를 사용합니다.";
				INFOPLIST_KEY_NSLocationWhenInUseUsageDescription = "이 앱은 사용자 위치를 사용해 사고 정보를 제공합니다.";
				INFOPLIST_KEY_NSPhotoLibraryUsageDescription = "이 앱은 사진을 업로드하기 위해 사진 라이브러리에 접근합니다.";
				INFOPLIST_KEY_UIApplicationSceneManifest_Generation = YES;
				INFOPLIST_KEY_UIApplicationSupportsIndirectInputEvents = YES;
				INFOPLIST_KEY_UILaunchScreen_Generation = YES;
				INFOPLIST_KEY_UISupportedInterfaceOrientations_iPad = "UIInterfaceOrientationPortrait UIInterfaceOrientationPortraitUpsideDown UIInterfaceOrientationLandscapeLeft UIInterfaceOrientationLandscapeRight";
				INFOPLIST_KEY_UISupportedInterfaceOrientations_iPhone = "UIInterfaceOrientationPortrait UIInterfaceOrientationLandscapeLeft UIInterfaceOrientationLandscapeRight";
				LD_RUNPATH_SEARCH_PATHS = (
					"$(inherited)",
					"@executable_path/Frameworks",
				);
				MARKETING_VERSION = 1.0;
				PRODUCT_BUNDLE_IDENTIFIER = jinGyung.accidentMap;
				PRODUCT_NAME = "$(TARGET_NAME)";
				SWIFT_EMIT_LOC_STRINGS = YES;
				SWIFT_VERSION = 5.0;
				TARGETED_DEVICE_FAMILY = "1,2";
			};
			name = Release;
		};
/* End XCBuildConfiguration section */

/* Begin XCConfigurationList section */
		DE10C3BC2DDD9E170074BAE3 /* Build configuration list for PBXProject "AccidentMap" */ = {
			isa = XCConfigurationList;
			buildConfigurations = (
				DE10C3CD2DDD9E180074BAE3 /* Debug */,
				DE10C3CE2DDD9E180074BAE3 /* Release */,
			);
			defaultConfigurationIsVisible = 0;
			defaultConfigurationName = Release;
		};
		DE10C3CF2DDD9E180074BAE3 /* Build configuration list for PBXNativeTarget "AccidentMap" */ = {
			isa = XCConfigurationList;
			buildConfigurations = (
				DE10C3D02DDD9E180074BAE3 /* Debug */,
				DE10C3D12DDD9E180074BAE3 /* Release */,
			);
			defaultConfigurationIsVisible = 0;
			defaultConfigurationName = Release;
		};
/* End XCConfigurationList section */
	};
	rootObject = DE10C3B92DDD9E170074BAE3 /* Project object */;
}
