// !$*UTF8*$!
{
	archiveVersion = 1;
	classes = {
	};
	objectVersion = 56;
	objects = {

/* Begin PBXBuildFile section */
		DE10C3C52DDD9E170074BAE3 /* AccidentMapApp.swift in Sources */ = {isa = PBXBuildFile; fileRef = DE10C3C42DDD9E170074BAE3 /* AccidentMapApp.swift */; };
		DE10C3C72DDD9E170074BAE3 /* ContentView.swift in Sources */ = {isa = PBXBuildFile; fileRef = DE10C3C62DDD9E170074BAE3 /* ContentView.swift */; };
		DE10C3C92DDD9E180074BAE3 /* Assets.xcassets in Resources */ = {isa = PBXBuildFile; fileRef = DE10C3C82DDD9E180074BAE3 /* Assets.xcassets */; };
		DE10C3CC2DDD9E180074BAE3 /* Preview Assets.xcassets in Resources */ = {isa = PBXBuildFile; fileRef = DE10C3CB2DDD9E180074BAE3 /* Preview Assets.xcassets */; };
		DE5A1D2A2DE59B8F002281F8 /* MainView.swift in Sources */ = {isa = PBXBuildFile; fileRef = DE5A1D292DE59B8F002281F8 /* MainView.swift */; };
		DE5A1D2C2DE59B9C002281F8 /* ReportView.swift in Sources */ = {isa = PBXBuildFile; fileRef = DE5A1D2B2DE59B9C002281F8 /* ReportView.swift */; };
		DE5A1D2E2DE59BFC002281F8 /* StatsView.swift in Sources */ = {isa = PBXBuildFile; fileRef = DE5A1D2D2DE59BFC002281F8 /* StatsView.swift */; };
/* End PBXBuildFile section */

/* Begin PBXFileReference section */
		DE10C3C12DDD9E170074BAE3 /* AccidentMap.app */ = {isa = PBXFileReference; explicitFileType = wrapper.application; includeInIndex = 0; path = AccidentMap.app; sourceTree = BUILT_PRODUCTS_DIR; };
		DE10C3C42DDD9E170074BAE3 /* AccidentMapApp.swift */ = {isa = PBXFileReference; lastKnownFileType = sourcecode.swift; path = AccidentMapApp.swift; sourceTree = "<group>"; };
		DE10C3C62DDD9E170074BAE3 /* ContentView.swift */ = {isa = PBXFileReference; lastKnownFileType = sourcecode.swift; path = ContentView.swift; sourceTree = "<group>"; };
		DE10C3C82DDD9E180074BAE3 /* Assets.xcassets */ = {isa = PBXFileReference; lastKnownFileType = folder.assetcatalog; path = Assets.xcassets; sourceTree = "<group>"; };
		DE10C3CB2DDD9E180074BAE3 /* Preview Assets.xcassets */ = {isa = PBXFileReference; lastKnownFileType = folder.assetcatalog; path = "Preview Assets.xcassets"; sourceTree = "<group>"; };
		DE5A1D292DE59B8F002281F8 /* MainView.swift */ = {isa = PBXFileReference; lastKnownFileType = sourcecode.swift; path = MainView.swift; sourceTree = "<group>"; };
		DE5A1D2B2DE59B9C002281F8 /* ReportView.swift */ = {isa = PBXFileReference; lastKnownFileType = sourcecode.swift; path = ReportView.swift; sourceTree = "<group>"; };
		DE5A1D2D2DE59BFC002281F8 /* StatsView.swift */ = {isa = PBXFileReference; lastKnownFileType = sourcecode.swift; path = StatsView.swift; sourceTree = "<group>"; };
/* End PBXFileReference section */

/* Begin PBXFrameworksBuildPhase section */
		DE10C3BE2DDD9E170074BAE3 /* Frameworks */ = {
			isa = PBXFrameworksBuildPhase;
			buildActionMask = 2147483647;
			files = (
			);
			runOnlyForDeploymentPostprocessing = 0;
		};
/* End PBXFrameworksBuildPhase section */

/* Begin PBXGroup section */
		DE10C3B82DDD9E170074BAE3 = {
			isa = PBXGroup;
			children = (
				DE10C3C32DDD9E170074BAE3 /* AccidentMap */,
				DE10C3C22DDD9E170074BAE3 /* Products */,
			);
			sourceTree = "<group>";
		};
		DE10C3C22DDD9E170074BAE3 /* Products */ = {
			isa = PBXGroup;
			children = (
				DE10C3C12DDD9E170074BAE3 /* AccidentMap.app */,
			);
			name = Products;
			sourceTree = "<group>";
		};
		DE10C3C32DDD9E170074BAE3 /* AccidentMap */ = {
			isa = PBXGroup;
			children = (
				DE10C3C42DDD9E170074BAE3 /* AccidentMapApp.swift */,
				DE10C3C62DDD9E170074BAE3 /* ContentView.swift */,
				DE5A1D292DE59B8F002281F8 /* MainView.swift */,
				DE5A1D2B2DE59B9C002281F8 /* ReportView.swift */,
				DE5A1D2D2DE59BFC002281F8 /* StatsView.swift */,
				DE10C3C82DDD9E180074BAE3 /* Assets.xcassets */,
				DE10C3CA2DDD9E180074BAE3 /* Preview Content */,
			);
			path = AccidentMap;
			sourceTree = "<group>";
		};
		DE10C3CA2DDD9E180074BAE3 /* Preview Content */ = {
			isa = PBXGroup;
			children = (
				DE10C3CB2DDD9E180074BAE3 /* Preview Assets.xcassets */,
			);
			path = "Preview Content";
			sourceTree = "<group>";
		};
/* End PBXGroup section */

/* Begin PBXNativeTarget section */
		DE10C3C02DDD9E170074BAE3 /* AccidentMap */ = {
			isa = PBXNativeTarget;
			buildConfigurationList = DE10C3CF2DDD9E180074BAE3 /* Build configuration list for PBXNativeTarget "AccidentMap" */;
			buildPhases = (
				DE10C3BD2DDD9E170074BAE3 /* Sources */,
				DE10C3BE2DDD9E170074BAE3 /* Frameworks */,
				DE10C3BF2DDD9E170074BAE3 /* Resources */,
			);
			buildRules = (
			);
			dependencies = (
			);
			name = AccidentMap;
			productName = AccidentMap;
			productReference = DE10C3C12DDD9E170074BAE3 /* AccidentMap.app */;
			productType = "com.apple.product-type.application";
		};
/* End PBXNativeTarget section */

/* Begin PBXProject section */
		DE10C3B92DDD9E170074BAE3 /* Project object */ = {
			isa = PBXProject;
			attributes = {
				BuildIndependentTargetsInParallel = 1;
				LastSwiftUpdateCheck = 1530;
				LastUpgradeCheck = 1530;
				TargetAttributes = {
					DE10C3C02DDD9E170074BAE3 = {
						CreatedOnToolsVersion = 15.3;
					};
				};
			};
			buildConfigurationList = DE10C3BC2DDD9E170074BAE3 /* Build configuration list for PBXProject "AccidentMap" */;
			compatibilityVersion = "Xcode 14.0";
			developmentRegion = en;
			hasScannedForEncodings = 0;
			knownRegions = (
				en,
				Base,
			);
			mainGroup = DE10C3B82DDD9E170074BAE3;
			productRefGroup = DE10C3C22DDD9E170074BAE3 /* Products */;
			projectDirPath = "";
			projectRoot = "";
			targets = (
				DE10C3C02DDD9E170074BAE3 /* AccidentMap */,
			);
		};
/* End PBXProject section */

/* Begin PBXResourcesBuildPhase section */
		DE10C3BF2DDD9E170074BAE3 /* Resources */ = {
			isa = PBXResourcesBuildPhase;
			buildActionMask = 2147483647;
			files = (
				DE10C3CC2DDD9E180074BAE3 /* Preview Assets.xcassets in Resources */,
				DE10C3C92DDD9E180074BAE3 /* Assets.xcassets in Resources */,
			);
			runOnlyForDeploymentPostprocessing = 0;
		};
/* End PBXResourcesBuildPhase section */

/* Begin PBXSourcesBuildPhase section */
		DE10C3BD2DDD9E170074BAE3 /* Sources */ = {
			isa = PBXSourcesBuildPhase;
			buildActionMask = 2147483647;
			files = (
				DE10C3C72DDD9E170074BAE3 /* ContentView.swift in Sources */,
				DE5A1D2E2DE59BFC002281F8 /* StatsView.swift in Sources */,
				DE5A1D2A2DE59B8F002281F8 /* MainView.swift in Sources */,
				DE5A1D2C2DE59B9C002281F8 /* ReportView.swift in Sources */,
				DE10C3C52DDD9E170074BAE3 /* AccidentMapApp.swift in Sources */,
			);
			runOnlyForDeploymentPostprocessing = 0;
		};
/* End PBXSourcesBuildPhase section */

/* Begin XCBuildConfiguration section */
		DE10C3CD2DDD9E180074BAE3 /* Debug */ = {
			isa = XCBuildConfiguration;
			buildSettings = {
				ALWAYS_SEARCH_USER_PATHS = NO;
				ASSETCATALOG_COMPILER_GENERATE_SWIFT_ASSET_SYMBOL_EXTENSIONS = YES;
				CLANG_ANALYZER_NONNULL = YES;
				CLANG_ANALYZER_NUMBER_OBJECT_CONVERSION = YES_AGGRESSIVE;
				CLANG_CXX_LANGUAGE_STANDARD = "gnu++20";
				CLANG_ENABLE_MODULES = YES;
				CLANG_ENABLE_OBJC_ARC = YES;
				CLANG_ENABLE_OBJC_WEAK = YES;
				CLANG_WARN_BLOCK_CAPTURE_AUTORELEASING = YES;
				CLANG_WARN_BOOL_CONVERSION = YES;
				CLANG_WARN_COMMA = YES;
				CLANG_WARN_CONSTANT_CONVERSION = YES;
				CLANG_WARN_DEPRECATED_OBJC_IMPLEMENTATIONS = YES;
				CLANG_WARN_DIRECT_OBJC_ISA_USAGE = YES_ERROR;
				CLANG_WARN_DOCUMENTATION_COMMENTS = YES;
				CLANG_WARN_EMPTY_BODY = YES;
				CLANG_WARN_ENUM_CONVERSION = YES;
				CLANG_WARN_INFINITE_RECURSION = YES;
				CLANG_WARN_INT_CONVERSION = YES;
				CLANG_WARN_NON_LITERAL_NULL_CONVERSION = YES;
				CLANG_WARN_OBJC_IMPLICIT_RETAIN_SELF = YES;
				CLANG_WARN_OBJC_LITERAL_CONVERSION = YES;
				CLANG_WARN_OBJC_ROOT_CLASS = YES_ERROR;
				CLANG_WARN_QUOTED_INCLUDE_IN_FRAMEWORK_HEADER = YES;
				CLANG_WARN_RANGE_LOOP_ANALYSIS = YES;
				CLANG_WARN_STRICT_PROTOTYPES = YES;
				CLANG_WARN_SUSPICIOUS_MOVE = YES;
				CLANG_WARN_UNGUARDED_AVAILABILITY = YES_AGGRESSIVE;
				CLANG_WARN_UNREACHABLE_CODE = YES;
				CLANG_WARN__DUPLICATE_METHOD_MATCH = YES;
				COPY_PHASE_STRIP = NO;
				DEBUG_INFORMATION_FORMAT = dwarf;
				ENABLE_STRICT_OBJC_MSGSEND = YES;
				ENABLE_TESTABILITY = YES;
				ENABLE_USER_SCRIPT_SANDBOXING = YES;
				GCC_C_LANGUAGE_STANDARD = gnu17;
				GCC_DYNAMIC_NO_PIC = NO;
				GCC_NO_COMMON_BLOCKS = YES;
				GCC_OPTIMIZATION_LEVEL = 0;
				GCC_PREPROCESSOR_DEFINITIONS = (
					"DEBUG=1",
					"$(inherited)",
				);
				GCC_WARN_64_TO_32_BIT_CONVERSION = YES;
				GCC_WARN_ABOUT_RETURN_TYPE = YES_ERROR;
				GCC_WARN_UNDECLARED_SELECTOR = YES;
				GCC_WARN_UNINITIALIZED_AUTOS = YES_AGGRESSIVE;
				GCC_WARN_UNUSED_FUNCTION = YES;
				GCC_WARN_UNUSED_VARIABLE = YES;
				IPHONEOS_DEPLOYMENT_TARGET = 17.4;
				LOCALIZATION_PREFERS_STRING_CATALOGS = YES;
				MTL_ENABLE_DEBUG_INFO = INCLUDE_SOURCE;
				MTL_FAST_MATH = YES;
				ONLY_ACTIVE_ARCH = YES;
				SDKROOT = iphoneos;
				SWIFT_ACTIVE_COMPILATION_CONDITIONS = "DEBUG $(inherited)";
				SWIFT_OPTIMIZATION_LEVEL = "-Onone";
			};
			name = Debug;
		};
		DE10C3CE2DDD9E180074BAE3 /* Release */ = {
			isa = XCBuildConfiguration;
			buildSettings = {
				ALWAYS_SEARCH_USER_PATHS = NO;
				ASSETCATALOG_COMPILER_GENERATE_SWIFT_ASSET_SYMBOL_EXTENSIONS = YES;
				CLANG_ANALYZER_NONNULL = YES;
				CLANG_ANALYZER_NUMBER_OBJECT_CONVERSION = YES_AGGRESSIVE;
				CLANG_CXX_LANGUAGE_STANDARD = "gnu++20";
				CLANG_ENABLE_MODULES = YES;
				CLANG_ENABLE_OBJC_ARC = YES;
				CLANG_ENABLE_OBJC_WEAK = YES;
				CLANG_WARN_BLOCK_CAPTURE_AUTORELEASING = YES;
				CLANG_WARN_BOOL_CONVERSION = YES;
				CLANG_WARN_COMMA = YES;
				CLANG_WARN_CONSTANT_CONVERSION = YES;
				CLANG_WARN_DEPRECATED_OBJC_IMPLEMENTATIONS = YES;
				CLANG_WARN_DIRECT_OBJC_ISA_USAGE = YES_ERROR;
				CLANG_WARN_DOCUMENTATION_COMMENTS = YES;
				CLANG_WARN_EMPTY_BODY = YES;
				CLANG_WARN_ENUM_CONVERSION = YES;
				CLANG_WARN_INFINITE_RECURSION = YES;
				CLANG_WARN_INT_CONVERSION = YES;
				CLANG_WARN_NON_LITERAL_NULL_CONVERSION = YES;
				CLANG_WARN_OBJC_IMPLICIT_RETAIN_SELF = YES;
				CLANG_WARN_OBJC_LITERAL_CONVERSION = YES;
				CLANG_WARN_OBJC_ROOT_CLASS = YES_ERROR;
				CLANG_WARN_QUOTED_INCLUDE_IN_FRAMEWORK_HEADER = YES;
				CLANG_WARN_RANGE_LOOP_ANALYSIS = YES;
				CLANG_WARN_STRICT_PROTOTYPES = YES;
				CLANG_WARN_SUSPICIOUS_MOVE = YES;
				CLANG_WARN_UNGUARDED_AVAILABILITY = YES_AGGRESSIVE;
				CLANG_WARN_UNREACHABLE_CODE = YES;
				CLANG_WARN__DUPLICATE_METHOD_MATCH = YES;
				COPY_PHASE_STRIP = NO;
				DEBUG_INFORMATION_FORMAT = "dwarf-with-dsym";
				ENABLE_NS_ASSERTIONS = NO;
				ENABLE_STRICT_OBJC_MSGSEND = YES;
				ENABLE_USER_SCRIPT_SANDBOXING = YES;
				GCC_C_LANGUAGE_STANDARD = gnu17;
				GCC_NO_COMMON_BLOCKS = YES;
				GCC_WARN_64_TO_32_BIT_CONVERSION = YES;
				GCC_WARN_ABOUT_RETURN_TYPE = YES_ERROR;
				GCC_WARN_UNDECLARED_SELECTOR = YES;
				GCC_WARN_UNINITIALIZED_AUTOS = YES_AGGRESSIVE;
				GCC_WARN_UNUSED_FUNCTION = YES;
				GCC_WARN_UNUSED_VARIABLE = YES;
				IPHONEOS_DEPLOYMENT_TARGET = 17.4;
				LOCALIZATION_PREFERS_STRING_CATALOGS = YES;
				MTL_ENABLE_DEBUG_INFO = NO;
				MTL_FAST_MATH = YES;
				SDKROOT = iphoneos;
				SWIFT_COMPILATION_MODE = wholemodule;
				VALIDATE_PRODUCT = YES;
			};
			name = Release;
		};
		DE10C3D02DDD9E180074BAE3 /* Debug */ = {
			isa = XCBuildConfiguration;
			buildSettings = {
				ASSETCATALOG_COMPILER_APPICON_NAME = AppIcon;
				ASSETCATALOG_COMPILER_GLOBAL_ACCENT_COLOR_NAME = AccentColor;
				CODE_SIGN_STYLE = Automatic;
				CURRENT_PROJECT_VERSION = 1;
				DEVELOPMENT_ASSET_PATHS = "\"AccidentMap/Preview Content\"";
				ENABLE_PREVIEWS = YES;
				GENERATE_INFOPLIST_FILE = YES;
				INFOPLIST_KEY_UIApplicationSceneManifest_Generation = YES;
				INFOPLIST_KEY_UIApplicationSupportsIndirectInputEvents = YES;
				INFOPLIST_KEY_UILaunchScreen_Generation = YES;
				INFOPLIST_KEY_UISupportedInterfaceOrientations_iPad = "UIInterfaceOrientationPortrait UIInterfaceOrientationPortraitUpsideDown UIInterfaceOrientationLandscapeLeft UIInterfaceOrientationLandscapeRight";
				INFOPLIST_KEY_UISupportedInterfaceOrientations_iPhone = "UIInterfaceOrientationPortrait UIInterfaceOrientationLandscapeLeft UIInterfaceOrientationLandscapeRight";
				LD_RUNPATH_SEARCH_PATHS = (
					"$(inherited)",
					"@executable_path/Frameworks",
				);
				MARKETING_VERSION = 1.0;
				PRODUCT_BUNDLE_IDENTIFIER = ezzkim.AccidentMap;
				PRODUCT_NAME = "$(TARGET_NAME)";
				SWIFT_EMIT_LOC_STRINGS = YES;
				SWIFT_VERSION = 5.0;
				TARGETED_DEVICE_FAMILY = "1,2";
			};
			name = Debug;
		};
		DE10C3D12DDD9E180074BAE3 /* Release */ = {
			isa = XCBuildConfiguration;
			buildSettings = {
				ASSETCATALOG_COMPILER_APPICON_NAME = AppIcon;
				ASSETCATALOG_COMPILER_GLOBAL_ACCENT_COLOR_NAME = AccentColor;
				CODE_SIGN_STYLE = Automatic;
				CURRENT_PROJECT_VERSION = 1;
				DEVELOPMENT_ASSET_PATHS = "\"AccidentMap/Preview Content\"";
				ENABLE_PREVIEWS = YES;
				GENERATE_INFOPLIST_FILE = YES;
				INFOPLIST_KEY_UIApplicationSceneManifest_Generation = YES;
				INFOPLIST_KEY_UIApplicationSupportsIndirectInputEvents = YES;
				INFOPLIST_KEY_UILaunchScreen_Generation = YES;
				INFOPLIST_KEY_UISupportedInterfaceOrientations_iPad = "UIInterfaceOrientationPortrait UIInterfaceOrientationPortraitUpsideDown UIInterfaceOrientationLandscapeLeft UIInterfaceOrientationLandscapeRight";
				INFOPLIST_KEY_UISupportedInterfaceOrientations_iPhone = "UIInterfaceOrientationPortrait UIInterfaceOrientationLandscapeLeft UIInterfaceOrientationLandscapeRight";
				LD_RUNPATH_SEARCH_PATHS = (
					"$(inherited)",
					"@executable_path/Frameworks",
				);
				MARKETING_VERSION = 1.0;
				PRODUCT_BUNDLE_IDENTIFIER = ezzkim.AccidentMap;
				PRODUCT_NAME = "$(TARGET_NAME)";
				SWIFT_EMIT_LOC_STRINGS = YES;
				SWIFT_VERSION = 5.0;
				TARGETED_DEVICE_FAMILY = "1,2";
			};
			name = Release;
		};
/* End XCBuildConfiguration section */

/* Begin XCConfigurationList section */
		DE10C3BC2DDD9E170074BAE3 /* Build configuration list for PBXProject "AccidentMap" */ = {
			isa = XCConfigurationList;
			buildConfigurations = (
				DE10C3CD2DDD9E180074BAE3 /* Debug */,
				DE10C3CE2DDD9E180074BAE3 /* Release */,
			);
			defaultConfigurationIsVisible = 0;
			defaultConfigurationName = Release;
		};
		DE10C3CF2DDD9E180074BAE3 /* Build configuration list for PBXNativeTarget "AccidentMap" */ = {
			isa = XCConfigurationList;
			buildConfigurations = (
				DE10C3D02DDD9E180074BAE3 /* Debug */,
				DE10C3D12DDD9E180074BAE3 /* Release */,
			);
			defaultConfigurationIsVisible = 0;
			defaultConfigurationName = Release;
		};
/* End XCConfigurationList section */
	};
	rootObject = DE10C3B92DDD9E170074BAE3 /* Project object */;
}
